
Microsoft Visual Studio Solution File, Format Version 12.00
# Visual Studio Version 16
VisualStudioVersion = 16.0.29709.97
MinimumVisualStudioVersion = 10.0.40219.1
Project("{FAE04EC0-301F-11D3-BF4B-00C04F79EFBC}") = "Modul01_HelloWorld", "HelloWorld\Modul01_HelloWorld.csproj", "{54B45657-638C-4A73-9032-0E2E785238A1}"
EndProject
Project("{FAE04EC0-301F-11D3-BF4B-00C04F79EFBC}") = "Lab01_Minirechner", "Minirechner\Lab01_Minirechner.csproj", "{33484FE5-2DC0-406B-B0A9-00D607820DC4}"
EndProject
Project("{FAE04EC0-301F-11D3-BF4B-00C04F79EFBC}") = "Modul02.1_Kontrollstrukturen", "Kontrolstrukturen\Modul02.1_Kontrollstrukturen.csproj", "{0504771F-4EB9-47D7-B9B9-2B9605E609EC}"
EndProject
Project("{FAE04EC0-301F-11D3-BF4B-00C04F79EFBC}") = "Modul02.2_ZufallszahlenRaten", "ZufallszahlenRaten\Modul02.2_ZufallszahlenRaten.csproj", "{78339CE4-7C4B-4D5D-A5EF-B9E8FB71414B}"
EndProject
Project("{FAE04EC0-301F-11D3-BF4B-00C04F79EFBC}") = "Lab02_Lotto", "Lotto\Lab02_Lotto.csproj", "{1D72069F-DD93-4478-A347-A13011425D53}"
EndProject
Project("{FAE04EC0-301F-11D3-BF4B-00C04F79EFBC}") = "Modul03.1_Enumeratoren", "Enumeratoren\Modul03.1_Enumeratoren.csproj", "{72C31C40-0F35-4E07-9D7F-C6ACE3ACBC0E}"
EndProject
Project("{FAE04EC0-301F-11D3-BF4B-00C04F79EFBC}") = "Modul03.2_Funktionen", "Funktionen\Modul03.2_Funktionen.csproj", "{A4D9961E-ECBB-4F8F-A7C8-44C20E527A73}"
EndProject
Project("{FAE04EC0-301F-11D3-BF4B-00C04F79EFBC}") = "Lab03_Taschenrechner", "Taschenrechner\Lab03_Taschenrechner.csproj", "{1E411C39-4903-49BA-9DFC-11EE657F7E17}"
EndProject
Project("{FAE04EC0-301F-11D3-BF4B-00C04F79EFBC}") = "Modul04.1f_Fahrzeugpark", "Fahrzeugpark\Modul04.1f_Fahrzeugpark.csproj", "{D34BB8A9-D862-461A-A571-76695CEBD588}"
EndProject
Project("{FAE04EC0-301F-11D3-BF4B-00C04F79EFBC}") = "Modul04.2f_TesteFahrzeugpark", "TesteFahrzeugpark\Modul04.2f_TesteFahrzeugpark.csproj", "{01BED230-E431-4A02-8370-B64E16EF0BF0}"
EndProject
Global
	GlobalSection(SolutionConfigurationPlatforms) = preSolution
		Debug|Any CPU = Debug|Any CPU
		Release|Any CPU = Release|Any CPU
	EndGlobalSection
	GlobalSection(ProjectConfigurationPlatforms) = postSolution
		{54B45657-638C-4A73-9032-0E2E785238A1}.Debug|Any CPU.ActiveCfg = Debug|Any CPU
		{54B45657-638C-4A73-9032-0E2E785238A1}.Debug|Any CPU.Build.0 = Debug|Any CPU
		{54B45657-638C-4A73-9032-0E2E785238A1}.Release|Any CPU.ActiveCfg = Release|Any CPU
		{54B45657-638C-4A73-9032-0E2E785238A1}.Release|Any CPU.Build.0 = Release|Any CPU
		{33484FE5-2DC0-406B-B0A9-00D607820DC4}.Debug|Any CPU.ActiveCfg = Debug|Any CPU
		{33484FE5-2DC0-406B-B0A9-00D607820DC4}.Debug|Any CPU.Build.0 = Debug|Any CPU
		{33484FE5-2DC0-406B-B0A9-00D607820DC4}.Release|Any CPU.ActiveCfg = Release|Any CPU
		{33484FE5-2DC0-406B-B0A9-00D607820DC4}.Release|Any CPU.Build.0 = Release|Any CPU
		{0504771F-4EB9-47D7-B9B9-2B9605E609EC}.Debug|Any CPU.ActiveCfg = Debug|Any CPU
		{0504771F-4EB9-47D7-B9B9-2B9605E609EC}.Debug|Any CPU.Build.0 = Debug|Any CPU
		{0504771F-4EB9-47D7-B9B9-2B9605E609EC}.Release|Any CPU.ActiveCfg = Release|Any CPU
		{0504771F-4EB9-47D7-B9B9-2B9605E609EC}.Release|Any CPU.Build.0 = Release|Any CPU
		{78339CE4-7C4B-4D5D-A5EF-B9E8FB71414B}.Debug|Any CPU.ActiveCfg = Debug|Any CPU
		{78339CE4-7C4B-4D5D-A5EF-B9E8FB71414B}.Debug|Any CPU.Build.0 = Debug|Any CPU
		{78339CE4-7C4B-4D5D-A5EF-B9E8FB71414B}.Release|Any CPU.ActiveCfg = Release|Any CPU
		{78339CE4-7C4B-4D5D-A5EF-B9E8FB71414B}.Release|Any CPU.Build.0 = Release|Any CPU
		{1D72069F-DD93-4478-A347-A13011425D53}.Debug|Any CPU.ActiveCfg = Debug|Any CPU
		{1D72069F-DD93-4478-A347-A13011425D53}.Debug|Any CPU.Build.0 = Debug|Any CPU
		{1D72069F-DD93-4478-A347-A13011425D53}.Release|Any CPU.ActiveCfg = Release|Any CPU
		{1D72069F-DD93-4478-A347-A13011425D53}.Release|Any CPU.Build.0 = Release|Any CPU
		{72C31C40-0F35-4E07-9D7F-C6ACE3ACBC0E}.Debug|Any CPU.ActiveCfg = Debug|Any CPU
		{72C31C40-0F35-4E07-9D7F-C6ACE3ACBC0E}.Debug|Any CPU.Build.0 = Debug|Any CPU
		{72C31C40-0F35-4E07-9D7F-C6ACE3ACBC0E}.Release|Any CPU.ActiveCfg = Release|Any CPU
		{72C31C40-0F35-4E07-9D7F-C6ACE3ACBC0E}.Release|Any CPU.Build.0 = Release|Any CPU
		{A4D9961E-ECBB-4F8F-A7C8-44C20E527A73}.Debug|Any CPU.ActiveCfg = Debug|Any CPU
		{A4D9961E-ECBB-4F8F-A7C8-44C20E527A73}.Debug|Any CPU.Build.0 = Debug|Any CPU
		{A4D9961E-ECBB-4F8F-A7C8-44C20E527A73}.Release|Any CPU.ActiveCfg = Release|Any CPU
		{A4D9961E-ECBB-4F8F-A7C8-44C20E527A73}.Release|Any CPU.Build.0 = Release|Any CPU
		{1E411C39-4903-49BA-9DFC-11EE657F7E17}.Debug|Any CPU.ActiveCfg = Debug|Any CPU
		{1E411C39-4903-49BA-9DFC-11EE657F7E17}.Debug|Any CPU.Build.0 = Debug|Any CPU
		{1E411C39-4903-49BA-9DFC-11EE657F7E17}.Release|Any CPU.ActiveCfg = Release|Any CPU
		{1E411C39-4903-49BA-9DFC-11EE657F7E17}.Release|Any CPU.Build.0 = Release|Any CPU
		{D34BB8A9-D862-461A-A571-76695CEBD588}.Debug|Any CPU.ActiveCfg = Debug|Any CPU
		{D34BB8A9-D862-461A-A571-76695CEBD588}.Debug|Any CPU.Build.0 = Debug|Any CPU
		{D34BB8A9-D862-461A-A571-76695CEBD588}.Release|Any CPU.ActiveCfg = Release|Any CPU
		{D34BB8A9-D862-461A-A571-76695CEBD588}.Release|Any CPU.Build.0 = Release|Any CPU
		{01BED230-E431-4A02-8370-B64E16EF0BF0}.Debug|Any CPU.ActiveCfg = Debug|Any CPU
		{01BED230-E431-4A02-8370-B64E16EF0BF0}.Debug|Any CPU.Build.0 = Debug|Any CPU
		{01BED230-E431-4A02-8370-B64E16EF0BF0}.Release|Any CPU.ActiveCfg = Release|Any CPU
		{01BED230-E431-4A02-8370-B64E16EF0BF0}.Release|Any CPU.Build.0 = Release|Any CPU
	EndGlobalSection
	GlobalSection(SolutionProperties) = preSolution
		HideSolutionNode = FALSE
	EndGlobalSection
	GlobalSection(ExtensibilityGlobals) = postSolution
		SolutionGuid = {871C2468-6D22-434F-870A-B42C6B978869}
	EndGlobalSection
EndGlobal
