
Microsoft Visual Studio Solution File, Format Version 12.00
# Visual Studio Version 16
VisualStudioVersion = 16.0.29709.97
MinimumVisualStudioVersion = 10.0.40219.1
Project("{FAE04EC0-301F-11D3-BF4B-00C04F79EFBC}") = "Modul01_HelloWorld", "HelloWorld\Modul01_HelloWorld.csproj", "{54B45657-638C-4A73-9032-0E2E785238A1}"
EndProject
Project("{FAE04EC0-301F-11D3-BF4B-00C04F79EFBC}") = "Lab01_Minirechner", "Minirechner\Lab01_Minirechner.csproj", "{33484FE5-2DC0-406B-B0A9-00D607820DC4}"
EndProject
Project("{FAE04EC0-301F-11D3-BF4B-00C04F79EFBC}") = "Modul02.1_Kontrollstrukturen", "Kontrolstrukturen\Modul02.1_Kontrollstrukturen.csproj", "{0504771F-4EB9-47D7-B9B9-2B9605E609EC}"
EndProject
Project("{FAE04EC0-301F-11D3-BF4B-00C04F79EFBC}") = "Modul02.2_ZufallszahlenRaten", "ZufallszahlenRaten\Modul02.2_ZufallszahlenRaten.csproj", "{78339CE4-7C4B-4D5D-A5EF-B9E8FB71414B}"
EndProject
Project("{FAE04EC0-301F-11D3-BF4B-00C04F79EFBC}") = "Lab02_Lotto", "Lotto\Lab02_Lotto.csproj", "{1D72069F-DD93-4478-A347-A13011425D53}"
EndProject
Global
	GlobalSection(SolutionConfigurationPlatforms) = preSolution
		Debug|Any CPU = Debug|Any CPU
		Release|Any CPU = Release|Any CPU
	EndGlobalSection
	GlobalSection(ProjectConfigurationPlatforms) = postSolution
		{54B45657-638C-4A73-9032-0E2E785238A1}.Debug|Any CPU.ActiveCfg = Debug|Any CPU
		{54B45657-638C-4A73-9032-0E2E785238A1}.Debug|Any CPU.Build.0 = Debug|Any CPU
		{54B45657-638C-4A73-9032-0E2E785238A1}.Release|Any CPU.ActiveCfg = Release|Any CPU
		{54B45657-638C-4A73-9032-0E2E785238A1}.Release|Any CPU.Build.0 = Release|Any CPU
		{33484FE5-2DC0-406B-B0A9-00D607820DC4}.Debug|Any CPU.ActiveCfg = Debug|Any CPU
		{33484FE5-2DC0-406B-B0A9-00D607820DC4}.Debug|Any CPU.Build.0 = Debug|Any CPU
		{33484FE5-2DC0-406B-B0A9-00D607820DC4}.Release|Any CPU.ActiveCfg = Release|Any CPU
		{33484FE5-2DC0-406B-B0A9-00D607820DC4}.Release|Any CPU.Build.0 = Release|Any CPU
		{0504771F-4EB9-47D7-B9B9-2B9605E609EC}.Debug|Any CPU.ActiveCfg = Debug|Any CPU
		{0504771F-4EB9-47D7-B9B9-2B9605E609EC}.Debug|Any CPU.Build.0 = Debug|Any CPU
		{0504771F-4EB9-47D7-B9B9-2B9605E609EC}.Release|Any CPU.ActiveCfg = Release|Any CPU
		{0504771F-4EB9-47D7-B9B9-2B9605E609EC}.Release|Any CPU.Build.0 = Release|Any CPU
		{78339CE4-7C4B-4D5D-A5EF-B9E8FB71414B}.Debug|Any CPU.ActiveCfg = Debug|Any CPU
		{78339CE4-7C4B-4D5D-A5EF-B9E8FB71414B}.Debug|Any CPU.Build.0 = Debug|Any CPU
		{78339CE4-7C4B-4D5D-A5EF-B9E8FB71414B}.Release|Any CPU.ActiveCfg = Release|Any CPU
		{78339CE4-7C4B-4D5D-A5EF-B9E8FB71414B}.Release|Any CPU.Build.0 = Release|Any CPU
		{1D72069F-DD93-4478-A347-A13011425D53}.Debug|Any CPU.ActiveCfg = Debug|Any CPU
		{1D72069F-DD93-4478-A347-A13011425D53}.Debug|Any CPU.Build.0 = Debug|Any CPU
		{1D72069F-DD93-4478-A347-A13011425D53}.Release|Any CPU.ActiveCfg = Release|Any CPU
		{1D72069F-DD93-4478-A347-A13011425D53}.Release|Any CPU.Build.0 = Release|Any CPU
	EndGlobalSection
	GlobalSection(SolutionProperties) = preSolution
		HideSolutionNode = FALSE
	EndGlobalSection
	GlobalSection(ExtensibilityGlobals) = postSolution
		SolutionGuid = {871C2468-6D22-434F-870A-B42C6B978869}
	EndGlobalSection
EndGlobal
